
Microsoft Visual Studio Solution File, Format Version 12.00
# Visual Studio Version 16
VisualStudioVersion = 16.0.29920.165
MinimumVisualStudioVersion = 10.0.40219.1
Project("{FAE04EC0-301F-11D3-BF4B-00C04F79EFBC}") = "FizzBuzz", "FizzBuzz\FizzBuzz.csproj", "{67403ED2-446E-43A0-8101-BFA0176FF23E}"
EndProject
Global
	GlobalSection(SolutionConfigurationPlatforms) = preSolution
		Debug|Any CPU = Debug|Any CPU
		Release|Any CPU = Release|Any CPU
	EndGlobalSection
	GlobalSection(ProjectConfigurationPlatforms) = postSolution
		{67403ED2-446E-43A0-8101-BFA0176FF23E}.Debug|Any CPU.ActiveCfg = Debug|Any CPU
		{67403ED2-446E-43A0-8101-BFA0176FF23E}.Debug|Any CPU.Build.0 = Debug|Any CPU
		{67403ED2-446E-43A0-8101-BFA0176FF23E}.Release|Any CPU.ActiveCfg = Release|Any CPU
		{67403ED2-446E-43A0-8101-BFA0176FF23E}.Release|Any CPU.Build.0 = Release|Any CPU
	EndGlobalSection
	GlobalSection(SolutionProperties) = preSolution
		HideSolutionNode = FALSE
	EndGlobalSection
	GlobalSection(ExtensibilityGlobals) = postSolution
		SolutionGuid = {19FCD61D-111A-4792-B08F-6643DC05AED5}
	EndGlobalSection
EndGlobal
